{
  "version": 1,
  "packages": {
    "fusion": {
      "version": "1.2",
      "vcsRevision": "0b0a0273b8df860cd54e3fcca7bb4c617244ac77",
      "url": "https://github.com/nim-lang/fusion",
      "downloadMethod": "git",
      "dependencies": [],
      "checksums": {
        "sha1": "408bde8679bce63dfb6f424e107eb37c5eb31510"
      }
    },
    "lexim": {
      "version": "1.0",
      "vcsRevision": "8ce8673b2290e4e68dff4a53f9e78a18e3e1924e",
      "url": "https://github.com/yuanweixin/lexim",
      "downloadMethod": "git",
      "dependencies": [
        "fusion"
      ],
      "checksums": {
        "sha1": "d71314c53721cf65d7a32f5ddd3be1b08e56c4e3"
      }
    }
  }
}